
Microsoft Visual Studio Solution File, Format Version 12.00
# Visual Studio Version 17
VisualStudioVersion = 17.7.34024.191
MinimumVisualStudioVersion = 10.0.40219.1
Project("{FAE04EC0-301F-11D3-BF4B-00C04F79EFBC}") = "Huffman", "Huffman\Huffman.csproj", "{FDA83124-E4A0-4EF2-BA35-113D7662DC52}"
EndProject
Global
	GlobalSection(SolutionConfigurationPlatforms) = preSolution
		Debug|Any CPU = Debug|Any CPU
		Release|Any CPU = Release|Any CPU
	EndGlobalSection
	GlobalSection(ProjectConfigurationPlatforms) = postSolution
		{FDA83124-E4A0-4EF2-BA35-113D7662DC52}.Debug|Any CPU.ActiveCfg = Debug|Any CPU
		{FDA83124-E4A0-4EF2-BA35-113D7662DC52}.Debug|Any CPU.Build.0 = Debug|Any CPU
		{FDA83124-E4A0-4EF2-BA35-113D7662DC52}.Release|Any CPU.ActiveCfg = Release|Any CPU
		{FDA83124-E4A0-4EF2-BA35-113D7662DC52}.Release|Any CPU.Build.0 = Release|Any CPU
	EndGlobalSection
	GlobalSection(SolutionProperties) = preSolution
		HideSolutionNode = FALSE
	EndGlobalSection
	GlobalSection(ExtensibilityGlobals) = postSolution
		SolutionGuid = {42632E7C-B2EE-42B5-B3DF-F962A3A1FBFE}
	EndGlobalSection
EndGlobal
